lockfileVersion: '6.0'

settings:
  autoInstallPeers: true
  excludeLinksFromLockfile: false

importers:

  .: {}

  apps/server:
    dependencies:
      hono:
        specifier: ^4.5.4
        version: 4.5.4
      typescript:
        specifier: ^5.0.0
        version: 5.5.4
    devDependencies:
      '@types/bun':
        specifier: latest
        version: 1.1.6

packages:

  /@types/bun@1.1.6:
    resolution: {integrity: sha512-uJgKjTdX0GkWEHZzQzFsJkWp5+43ZS7HC8sZPFnOwnSo1AsNl2q9o2bFeS23disNDqbggEgyFkKCHl/w8iZsMA==}
    dependencies:
      bun-types: 1.1.17
    dev: true

  /@types/node@20.12.14:
    resolution: {integrity: sha512-scnD59RpYD91xngrQQLGkE+6UrHUPzeKZWhhjBSa3HSkwjbQc38+q3RoIVEwxQGRw3M+j5hpNAM+lgV3cVormg==}
    dependencies:
      undici-types: 5.26.5
    dev: true

  /@types/ws@8.5.12:
    resolution: {integrity: sha512-3tPRkv1EtkDpzlgyKyI8pGsGZAGPEaXeu0DOj5DI25Ja91bdAYddYHbADRYVrZMRbfW+1l5YwXVDKohDJNQxkQ==}
    dependencies:
      '@types/node': 20.12.14
    dev: true

  /bun-types@1.1.17:
    resolution: {integrity: sha512-Z4+OplcSd/YZq7ZsrfD00DKJeCwuNY96a1IDJyR73+cTBaFIS7SC6LhpY/W3AMEXO9iYq5NJ58WAwnwL1p5vKg==}
    dependencies:
      '@types/node': 20.12.14
      '@types/ws': 8.5.12
    dev: true

  /hono@4.5.4:
    resolution: {integrity: sha512-k2IguJfRgNCpDbAfpxk+o+fZBLFHl4+eIZUpjc1ItZWHeZ37SmT3efA1UpkIaC0hSf1NJg0E79/wWn6g9LQ4Cw==}
    engines: {node: '>=16.0.0'}
    dev: false

  /typescript@5.5.4:
    resolution: {integrity: sha512-Mtq29sKDAEYP7aljRgtPOpTvOfbwRWlS6dPRzwjdE+C0R4brX/GUyhHSecbHMFLNBLcJIPt9nl9yG5TZ1weH+Q==}
    engines: {node: '>=14.17'}
    hasBin: true
    dev: false

  /undici-types@5.26.5:
    resolution: {integrity: sha512-JlCMO+ehdEIKqlFxk6IfVoAUVmgz7cU7zD/h9XZ0qzeosSHmUJVOzSQvvYSYWXkFXC+IfLKSIffhv0sVZup6pA==}
    dev: true
